{
  "version": 4,
  "terraform_version": "1.9.4",
  "serial": 11,
  "lineage": "f801fad0-4777-22a6-a0ec-d66ada26b298",
  "outputs": {
    "instance_public_ip": {
      "value": "18.234.114.172",
      "type": "string"
    }
  },
  "resources": [
    {
      "mode": "managed",
      "type": "aws_instance",
      "name": "task3",
      "provider": "provider[\"registry.terraform.io/hashicorp/aws\"]",
      "instances": [
        {
          "schema_version": 1,
          "attributes": {
            "ami": "ami-0f6649b7208939434",
            "arn": "arn:aws:ec2:us-east-1:041449616660:instance/i-0b59b58e15c8dc857",
            "associate_public_ip_address": true,
            "availability_zone": "us-east-1b",
            "capacity_reservation_specification": [
              {
                "capacity_reservation_preference": "open",
                "capacity_reservation_target": []
              }
            ],
            "cpu_core_count": 1,
            "cpu_options": [
              {
                "amd_sev_snp": "",
                "core_count": 1,
                "threads_per_core": 1
              }
            ],
            "cpu_threads_per_core": 1,
            "credit_specification": [
              {
                "cpu_credits": "standard"
              }
            ],
            "disable_api_stop": false,
            "disable_api_termination": false,
            "ebs_block_device": [],
            "ebs_optimized": false,
            "enclave_options": [
              {
                "enabled": false
              }
            ],
            "ephemeral_block_device": [],
            "get_password_data": false,
            "hibernation": false,
            "host_id": "",
            "host_resource_group_arn": null,
            "iam_instance_profile": "",
            "id": "i-0b59b58e15c8dc857",
            "instance_initiated_shutdown_behavior": "stop",
            "instance_lifecycle": "",
            "instance_market_options": [],
            "instance_state": "running",
            "instance_type": "t2.micro",
            "ipv6_address_count": 0,
            "ipv6_addresses": [],
            "key_name": "Nicolic",
            "launch_template": [],
            "maintenance_options": [
              {
                "auto_recovery": "default"
              }
            ],
            "metadata_options": [
              {
                "http_endpoint": "enabled",
                "http_protocol_ipv6": "disabled",
                "http_put_response_hop_limit": 2,
                "http_tokens": "required",
                "instance_metadata_tags": "disabled"
              }
            ],
            "monitoring": false,
            "network_interface": [],
            "outpost_arn": "",
            "password_data": "",
            "placement_group": "",
            "placement_partition_number": 0,
            "primary_network_interface_id": "eni-003bab2559b1d55ca",
            "private_dns": "ip-172-31-33-0.ec2.internal",
            "private_dns_name_options": [
              {
                "enable_resource_name_dns_a_record": false,
                "enable_resource_name_dns_aaaa_record": false,
                "hostname_type": "ip-name"
              }
            ],
            "private_ip": "172.31.33.0",
            "public_dns": "ec2-18-234-114-172.compute-1.amazonaws.com",
            "public_ip": "18.234.114.172",
            "root_block_device": [
              {
                "delete_on_termination": true,
                "device_name": "/dev/xvda",
                "encrypted": false,
                "iops": 3000,
                "kms_key_id": "",
                "tags": {},
                "tags_all": {},
                "throughput": 125,
                "volume_id": "vol-05532c83680c70a35",
                "volume_size": 8,
                "volume_type": "gp3"
              }
            ],
            "secondary_private_ips": [],
            "security_groups": [
              "launch-wizard-2"
            ],
            "source_dest_check": true,
            "spot_instance_request_id": "",
            "subnet_id": "subnet-0780f7dfb45f4472a",
            "tags": {
              "Name": "stefan-ec2-terraformed",
              "createdBy": "stefan.nikolic"
            },
            "tags_all": {
              "Name": "stefan-ec2-terraformed",
              "createdBy": "stefan.nikolic"
            },
            "tenancy": "default",
            "timeouts": null,
            "user_data": null,
            "user_data_base64": null,
            "user_data_replace_on_change": false,
            "volume_tags": null,
            "vpc_security_group_ids": [
              "sg-0c156adde3a3e344a"
            ]
          },
          "sensitive_attributes": [],
          "private": "eyJlMmJmYjczMC1lY2FhLTExZTYtOGY4OC0zNDM2M2JjN2M0YzAiOnsiY3JlYXRlIjo2MDAwMDAwMDAwMDAsImRlbGV0ZSI6MTIwMDAwMDAwMDAwMCwicmVhZCI6OTAwMDAwMDAwMDAwLCJ1cGRhdGUiOjYwMDAwMDAwMDAwMH0sInNjaGVtYV92ZXJzaW9uIjoiMSJ9"
        }
      ]
    }
  ],
  "check_results": null
}
